
Microsoft Visual Studio Solution File, Format Version 12.00
# Visual Studio 15
VisualStudioVersion = 15.0.27004.2009
MinimumVisualStudioVersion = 10.0.40219.1
Project("{2150E333-8FDC-42A3-9474-1A3956D46DE8}") = "Infrastructure", "Infrastructure", "{6C9E1B61-2E8C-48A3-A992-D04A803494BE}"
EndProject
Project("{2150E333-8FDC-42A3-9474-1A3956D46DE8}") = "MT", "MT", "{D6770833-E7A4-4E5A-A903-55E929D2D9AA}"
EndProject
Project("{2150E333-8FDC-42A3-9474-1A3956D46DE8}") = "Presentation", "Presentation", "{B2BA188D-743F-4BA5-AB45-2B55B306D241}"
EndProject
Project("{FAE04EC0-301F-11D3-BF4B-00C04F79EFBC}") = "BBH.BOS.Shared", "BBH.BOS.Shared\BBH.BOS.Shared.csproj", "{97613068-F7D0-44BD-8605-FEAC25181F19}"
EndProject
Project("{FAE04EC0-301F-11D3-BF4B-00C04F79EFBC}") = "BBH.BOS.Data", "BBH.BOS.Data\BBH.BOS.Data.csproj", "{CC70B422-4F84-4B8C-BDA8-05B9B44AD3CF}"
EndProject
Project("{FAE04EC0-301F-11D3-BF4B-00C04F79EFBC}") = "BBH.BOS.Domain", "BBH.BOS.Domain\BBH.BOS.Domain.csproj", "{E3A1618A-F464-4DE8-953C-8E6AD5224D48}"
EndProject
Project("{FAE04EC0-301F-11D3-BF4B-00C04F79EFBC}") = "BBH.BOS.Respository", "BBH.BOS.Respository\BBH.BOS.Respository.csproj", "{104215F4-867B-443C-8CEE-154CD74B850A}"
EndProject
Project("{FAE04EC0-301F-11D3-BF4B-00C04F79EFBC}") = "BBH.BOS.WCF", "BBH.BOS.WCF\BBH.BOS.WCF.csproj", "{75D98374-27E7-43DC-A19C-480BF6C5791C}"
EndProject
Project("{FAE04EC0-301F-11D3-BF4B-00C04F79EFBC}") = "BBH.BOS.Web", "BBH.BOS.Web\BBH.BOS.Web.csproj", "{B7142869-6C7E-4362-8668-1F9B42C49C8C}"
EndProject
Global
	GlobalSection(SolutionConfigurationPlatforms) = preSolution
		Debug|Any CPU = Debug|Any CPU
		Release|Any CPU = Release|Any CPU
	EndGlobalSection
	GlobalSection(ProjectConfigurationPlatforms) = postSolution
		{97613068-F7D0-44BD-8605-FEAC25181F19}.Debug|Any CPU.ActiveCfg = Debug|Any CPU
		{97613068-F7D0-44BD-8605-FEAC25181F19}.Debug|Any CPU.Build.0 = Debug|Any CPU
		{97613068-F7D0-44BD-8605-FEAC25181F19}.Release|Any CPU.ActiveCfg = Release|Any CPU
		{97613068-F7D0-44BD-8605-FEAC25181F19}.Release|Any CPU.Build.0 = Release|Any CPU
		{CC70B422-4F84-4B8C-BDA8-05B9B44AD3CF}.Debug|Any CPU.ActiveCfg = Debug|Any CPU
		{CC70B422-4F84-4B8C-BDA8-05B9B44AD3CF}.Debug|Any CPU.Build.0 = Debug|Any CPU
		{CC70B422-4F84-4B8C-BDA8-05B9B44AD3CF}.Release|Any CPU.ActiveCfg = Release|Any CPU
		{CC70B422-4F84-4B8C-BDA8-05B9B44AD3CF}.Release|Any CPU.Build.0 = Release|Any CPU
		{E3A1618A-F464-4DE8-953C-8E6AD5224D48}.Debug|Any CPU.ActiveCfg = Debug|Any CPU
		{E3A1618A-F464-4DE8-953C-8E6AD5224D48}.Debug|Any CPU.Build.0 = Debug|Any CPU
		{E3A1618A-F464-4DE8-953C-8E6AD5224D48}.Release|Any CPU.ActiveCfg = Release|Any CPU
		{E3A1618A-F464-4DE8-953C-8E6AD5224D48}.Release|Any CPU.Build.0 = Release|Any CPU
		{104215F4-867B-443C-8CEE-154CD74B850A}.Debug|Any CPU.ActiveCfg = Debug|Any CPU
		{104215F4-867B-443C-8CEE-154CD74B850A}.Debug|Any CPU.Build.0 = Debug|Any CPU
		{104215F4-867B-443C-8CEE-154CD74B850A}.Release|Any CPU.ActiveCfg = Release|Any CPU
		{104215F4-867B-443C-8CEE-154CD74B850A}.Release|Any CPU.Build.0 = Release|Any CPU
		{75D98374-27E7-43DC-A19C-480BF6C5791C}.Debug|Any CPU.ActiveCfg = Debug|Any CPU
		{75D98374-27E7-43DC-A19C-480BF6C5791C}.Debug|Any CPU.Build.0 = Debug|Any CPU
		{75D98374-27E7-43DC-A19C-480BF6C5791C}.Release|Any CPU.ActiveCfg = Release|Any CPU
		{75D98374-27E7-43DC-A19C-480BF6C5791C}.Release|Any CPU.Build.0 = Release|Any CPU
		{B7142869-6C7E-4362-8668-1F9B42C49C8C}.Debug|Any CPU.ActiveCfg = Debug|Any CPU
		{B7142869-6C7E-4362-8668-1F9B42C49C8C}.Debug|Any CPU.Build.0 = Debug|Any CPU
		{B7142869-6C7E-4362-8668-1F9B42C49C8C}.Release|Any CPU.ActiveCfg = Release|Any CPU
		{B7142869-6C7E-4362-8668-1F9B42C49C8C}.Release|Any CPU.Build.0 = Release|Any CPU
	EndGlobalSection
	GlobalSection(SolutionProperties) = preSolution
		HideSolutionNode = FALSE
	EndGlobalSection
	GlobalSection(NestedProjects) = preSolution
		{97613068-F7D0-44BD-8605-FEAC25181F19} = {6C9E1B61-2E8C-48A3-A992-D04A803494BE}
		{CC70B422-4F84-4B8C-BDA8-05B9B44AD3CF} = {6C9E1B61-2E8C-48A3-A992-D04A803494BE}
		{E3A1618A-F464-4DE8-953C-8E6AD5224D48} = {6C9E1B61-2E8C-48A3-A992-D04A803494BE}
		{104215F4-867B-443C-8CEE-154CD74B850A} = {D6770833-E7A4-4E5A-A903-55E929D2D9AA}
		{75D98374-27E7-43DC-A19C-480BF6C5791C} = {D6770833-E7A4-4E5A-A903-55E929D2D9AA}
		{B7142869-6C7E-4362-8668-1F9B42C49C8C} = {B2BA188D-743F-4BA5-AB45-2B55B306D241}
	EndGlobalSection
	GlobalSection(ExtensibilityGlobals) = postSolution
		SolutionGuid = {CF8BF1A0-703D-43D3-91AB-8612FF2F7CF7}
	EndGlobalSection
EndGlobal
